
Microsoft Visual Studio Solution File, Format Version 12.00
# Visual Studio Version 17
VisualStudioVersion = 17.0.31903.59
MinimumVisualStudioVersion = 10.0.40219.1
Project("{FAE04EC0-301F-11D3-BF4B-00C04F79EFBC}") = "VotingDb.Classlib.Server", "VotingDb.Classlib.Server\VotingDb.Classlib.Server.csproj", "{AC7308BE-2A2C-41F4-8112-66BE903047F1}"
EndProject
Project("{FAE04EC0-301F-11D3-BF4B-00C04F79EFBC}") = "VotingDb.Classlib.Server.Tests", "VotingDb.Classlib.Server.Tests\VotingDb.Classlib.Server.Tests.csproj", "{3E983605-905D-4E45-9896-F428CEC3B095}"
EndProject
Global
	GlobalSection(SolutionConfigurationPlatforms) = preSolution
		Debug|Any CPU = Debug|Any CPU
		Release|Any CPU = Release|Any CPU
	EndGlobalSection
	GlobalSection(SolutionProperties) = preSolution
		HideSolutionNode = FALSE
	EndGlobalSection
	GlobalSection(ProjectConfigurationPlatforms) = postSolution
		{AC7308BE-2A2C-41F4-8112-66BE903047F1}.Debug|Any CPU.ActiveCfg = Debug|Any CPU
		{AC7308BE-2A2C-41F4-8112-66BE903047F1}.Debug|Any CPU.Build.0 = Debug|Any CPU
		{AC7308BE-2A2C-41F4-8112-66BE903047F1}.Release|Any CPU.ActiveCfg = Release|Any CPU
		{AC7308BE-2A2C-41F4-8112-66BE903047F1}.Release|Any CPU.Build.0 = Release|Any CPU
		{3E983605-905D-4E45-9896-F428CEC3B095}.Debug|Any CPU.ActiveCfg = Debug|Any CPU
		{3E983605-905D-4E45-9896-F428CEC3B095}.Debug|Any CPU.Build.0 = Debug|Any CPU
		{3E983605-905D-4E45-9896-F428CEC3B095}.Release|Any CPU.ActiveCfg = Release|Any CPU
		{3E983605-905D-4E45-9896-F428CEC3B095}.Release|Any CPU.Build.0 = Release|Any CPU
	EndGlobalSection
EndGlobal
