
Microsoft Visual Studio Solution File, Format Version 12.00
# Visual Studio Version 17
VisualStudioVersion = 17.0.31903.59
MinimumVisualStudioVersion = 10.0.40219.1
Project("{FAE04EC0-301F-11D3-BF4B-00C04F79EFBC}") = "Voting.Server", "Voting.Server\Voting.Server.csproj", "{41168494-6280-493B-8CE5-A7CB4AD99A48}"
EndProject
Project("{FAE04EC0-301F-11D3-BF4B-00C04F79EFBC}") = "VotingDb.Contract", "VotingDb.Contract\VotingDb.Contract.csproj", "{895E67EB-406B-4BCE-8CA9-69DC69D0E0F8}"
EndProject
Project("{FAE04EC0-301F-11D3-BF4B-00C04F79EFBC}") = "Voting.Server.Tests.Unit", "Voting.Server.Tests.Unit\Voting.Server.Tests.Unit.csproj", "{E61D64C5-7C58-42EB-8457-0C294234C638}"
EndProject
Project("{FAE04EC0-301F-11D3-BF4B-00C04F79EFBC}") = "Voting.Server.Tests.Integration", "Voting.Server.Tests.Integration\Voting.Server.Tests.Integration.csproj", "{D7DF07E8-3B97-471A-85F5-E3FE40511705}"
EndProject
Project("{FAE04EC0-301F-11D3-BF4B-00C04F79EFBC}") = "Voting.Server.Tests.Utils", "Voting.Server.Tests.Utils\Voting.Server.Tests.Utils.csproj", "{D0CD54EF-F5FE-4756-B583-222569B6399C}"
EndProject
Global
	GlobalSection(SolutionConfigurationPlatforms) = preSolution
		Debug|Any CPU = Debug|Any CPU
		Release|Any CPU = Release|Any CPU
	EndGlobalSection
	GlobalSection(SolutionProperties) = preSolution
		HideSolutionNode = FALSE
	EndGlobalSection
	GlobalSection(ProjectConfigurationPlatforms) = postSolution
		{41168494-6280-493B-8CE5-A7CB4AD99A48}.Debug|Any CPU.ActiveCfg = Debug|Any CPU
		{41168494-6280-493B-8CE5-A7CB4AD99A48}.Debug|Any CPU.Build.0 = Debug|Any CPU
		{41168494-6280-493B-8CE5-A7CB4AD99A48}.Release|Any CPU.ActiveCfg = Release|Any CPU
		{41168494-6280-493B-8CE5-A7CB4AD99A48}.Release|Any CPU.Build.0 = Release|Any CPU
		{895E67EB-406B-4BCE-8CA9-69DC69D0E0F8}.Debug|Any CPU.ActiveCfg = Debug|Any CPU
		{895E67EB-406B-4BCE-8CA9-69DC69D0E0F8}.Debug|Any CPU.Build.0 = Debug|Any CPU
		{895E67EB-406B-4BCE-8CA9-69DC69D0E0F8}.Release|Any CPU.ActiveCfg = Release|Any CPU
		{895E67EB-406B-4BCE-8CA9-69DC69D0E0F8}.Release|Any CPU.Build.0 = Release|Any CPU
		{E61D64C5-7C58-42EB-8457-0C294234C638}.Debug|Any CPU.ActiveCfg = Debug|Any CPU
		{E61D64C5-7C58-42EB-8457-0C294234C638}.Debug|Any CPU.Build.0 = Debug|Any CPU
		{E61D64C5-7C58-42EB-8457-0C294234C638}.Release|Any CPU.ActiveCfg = Release|Any CPU
		{E61D64C5-7C58-42EB-8457-0C294234C638}.Release|Any CPU.Build.0 = Release|Any CPU
		{D7DF07E8-3B97-471A-85F5-E3FE40511705}.Debug|Any CPU.ActiveCfg = Debug|Any CPU
		{D7DF07E8-3B97-471A-85F5-E3FE40511705}.Debug|Any CPU.Build.0 = Debug|Any CPU
		{D7DF07E8-3B97-471A-85F5-E3FE40511705}.Release|Any CPU.ActiveCfg = Release|Any CPU
		{D7DF07E8-3B97-471A-85F5-E3FE40511705}.Release|Any CPU.Build.0 = Release|Any CPU
		{D0CD54EF-F5FE-4756-B583-222569B6399C}.Debug|Any CPU.ActiveCfg = Debug|Any CPU
		{D0CD54EF-F5FE-4756-B583-222569B6399C}.Debug|Any CPU.Build.0 = Debug|Any CPU
		{D0CD54EF-F5FE-4756-B583-222569B6399C}.Release|Any CPU.ActiveCfg = Release|Any CPU
		{D0CD54EF-F5FE-4756-B583-222569B6399C}.Release|Any CPU.Build.0 = Release|Any CPU
	EndGlobalSection
EndGlobal
